
Microsoft Visual Studio Solution File, Format Version 12.00
# Visual Studio Version 17
VisualStudioVersion = 17.10.35004.147
MinimumVisualStudioVersion = 10.0.40219.1
Project("{9A19103F-16F7-4668-BE54-9A1E7A4F7556}") = "PrimitiveArray", "PrimitiveArray\PrimitiveArray.csproj", "{30C7801F-ADE8-471B-9759-72593257668F}"
EndProject
Project("{FAE04EC0-301F-11D3-BF4B-00C04F79EFBC}") = "ObjectArray", "ObjectArray\ObjectArray.csproj", "{6213AE98-B2F3-4EC0-BC0A-EA62BC03043B}"
EndProject
Global
	GlobalSection(SolutionConfigurationPlatforms) = preSolution
		Debug|Any CPU = Debug|Any CPU
		Release|Any CPU = Release|Any CPU
	EndGlobalSection
	GlobalSection(ProjectConfigurationPlatforms) = postSolution
		{30C7801F-ADE8-471B-9759-72593257668F}.Debug|Any CPU.ActiveCfg = Debug|Any CPU
		{30C7801F-ADE8-471B-9759-72593257668F}.Debug|Any CPU.Build.0 = Debug|Any CPU
		{30C7801F-ADE8-471B-9759-72593257668F}.Release|Any CPU.ActiveCfg = Release|Any CPU
		{30C7801F-ADE8-471B-9759-72593257668F}.Release|Any CPU.Build.0 = Release|Any CPU
		{6213AE98-B2F3-4EC0-BC0A-EA62BC03043B}.Debug|Any CPU.ActiveCfg = Debug|Any CPU
		{6213AE98-B2F3-4EC0-BC0A-EA62BC03043B}.Debug|Any CPU.Build.0 = Debug|Any CPU
		{6213AE98-B2F3-4EC0-BC0A-EA62BC03043B}.Release|Any CPU.ActiveCfg = Release|Any CPU
		{6213AE98-B2F3-4EC0-BC0A-EA62BC03043B}.Release|Any CPU.Build.0 = Release|Any CPU
	EndGlobalSection
	GlobalSection(SolutionProperties) = preSolution
		HideSolutionNode = FALSE
	EndGlobalSection
	GlobalSection(ExtensibilityGlobals) = postSolution
		SolutionGuid = {CACA8AD6-2549-4418-A83E-D57ED2278E5E}
	EndGlobalSection
EndGlobal
