
Microsoft Visual Studio Solution File, Format Version 12.00
# Visual Studio Version 17
VisualStudioVersion = 17.11.35327.3
MinimumVisualStudioVersion = 10.0.40219.1
Project("{FAE04EC0-301F-11D3-BF4B-00C04F79EFBC}") = "PrimitiveList", "PrimitiveList\PrimitiveList.csproj", "{398FDF20-A355-4A2C-ABBB-0B8C64314D4C}"
EndProject
Global
	GlobalSection(SolutionConfigurationPlatforms) = preSolution
		Debug|Any CPU = Debug|Any CPU
		Release|Any CPU = Release|Any CPU
	EndGlobalSection
	GlobalSection(ProjectConfigurationPlatforms) = postSolution
		{398FDF20-A355-4A2C-ABBB-0B8C64314D4C}.Debug|Any CPU.ActiveCfg = Debug|Any CPU
		{398FDF20-A355-4A2C-ABBB-0B8C64314D4C}.Debug|Any CPU.Build.0 = Debug|Any CPU
		{398FDF20-A355-4A2C-ABBB-0B8C64314D4C}.Release|Any CPU.ActiveCfg = Release|Any CPU
		{398FDF20-A355-4A2C-ABBB-0B8C64314D4C}.Release|Any CPU.Build.0 = Release|Any CPU
	EndGlobalSection
	GlobalSection(SolutionProperties) = preSolution
		HideSolutionNode = FALSE
	EndGlobalSection
	GlobalSection(ExtensibilityGlobals) = postSolution
		SolutionGuid = {5AFA2F44-5BA7-4A95-A753-4C51A2E7FA01}
	EndGlobalSection
EndGlobal
